
Microsoft Visual Studio Solution File, Format Version 12.00
# Visual Studio Version 17
VisualStudioVersion = 17.6.33815.320
MinimumVisualStudioVersion = 10.0.40219.1
Project("{FAE04EC0-301F-11D3-BF4B-00C04F79EFBC}") = "MyLogin", "MyLogin\MyLogin.csproj", "{9C2DB9B8-8DEB-45B1-903C-720B48F03FB0}"
EndProject
Global
	GlobalSection(SolutionConfigurationPlatforms) = preSolution
		Debug|Any CPU = Debug|Any CPU
		Release|Any CPU = Release|Any CPU
	EndGlobalSection
	GlobalSection(ProjectConfigurationPlatforms) = postSolution
		{9C2DB9B8-8DEB-45B1-903C-720B48F03FB0}.Debug|Any CPU.ActiveCfg = Debug|Any CPU
		{9C2DB9B8-8DEB-45B1-903C-720B48F03FB0}.Debug|Any CPU.Build.0 = Debug|Any CPU
		{9C2DB9B8-8DEB-45B1-903C-720B48F03FB0}.Release|Any CPU.ActiveCfg = Release|Any CPU
		{9C2DB9B8-8DEB-45B1-903C-720B48F03FB0}.Release|Any CPU.Build.0 = Release|Any CPU
	EndGlobalSection
	GlobalSection(SolutionProperties) = preSolution
		HideSolutionNode = FALSE
	EndGlobalSection
	GlobalSection(ExtensibilityGlobals) = postSolution
		SolutionGuid = {91128060-472B-4F33-9989-85B39F98A659}
	EndGlobalSection
EndGlobal
